// !$*UTF8*$!
{
	archiveVersion = 1;
	classes = {
	};
	objectVersion = 50;
	objects = {

/* Begin PBXBuildFile section */
		8AE925762322A17500D73FB7 /* AppDelegate.swift in Sources */ = {isa = PBXBuildFile; fileRef = 8AE925752322A17500D73FB7 /* AppDelegate.swift */; };
		8AE9257B2322A17500D73FB7 /* Main.storyboard in Resources */ = {isa = PBXBuildFile; fileRef = 8AE925792322A17500D73FB7 /* Main.storyboard */; };
		8AE9257E2322A17500D73FB7 /* sideMenuProject.xcdatamodeld in Sources */ = {isa = PBXBuildFile; fileRef = 8AE9257C2322A17500D73FB7 /* sideMenuProject.xcdatamodeld */; };
		8AE925802322A17700D73FB7 /* Assets.xcassets in Resources */ = {isa = PBXBuildFile; fileRef = 8AE9257F2322A17700D73FB7 /* Assets.xcassets */; };
		8AE925832322A17700D73FB7 /* LaunchScreen.storyboard in Resources */ = {isa = PBXBuildFile; fileRef = 8AE925812322A17700D73FB7 /* LaunchScreen.storyboard */; };
		8AE9258E2322A17700D73FB7 /* sideMenuProjectTests.swift in Sources */ = {isa = PBXBuildFile; fileRef = 8AE9258D2322A17700D73FB7 /* sideMenuProjectTests.swift */; };
		8AE925992322A17700D73FB7 /* sideMenuProjectUITests.swift in Sources */ = {isa = PBXBuildFile; fileRef = 8AE925982322A17700D73FB7 /* sideMenuProjectUITests.swift */; };
		8AE925AB2322A1EE00D73FB7 /* containerController.swift in Sources */ = {isa = PBXBuildFile; fileRef = 8AE925AA2322A1EE00D73FB7 /* containerController.swift */; };
		8AE925AD2322A1FE00D73FB7 /* homeController.swift in Sources */ = {isa = PBXBuildFile; fileRef = 8AE925AC2322A1FE00D73FB7 /* homeController.swift */; };
		8AE925AF2322A21100D73FB7 /* menuController.swift in Sources */ = {isa = PBXBuildFile; fileRef = 8AE925AE2322A21100D73FB7 /* menuController.swift */; };
		8AE925B12322B24400D73FB7 /* Protocols.swift in Sources */ = {isa = PBXBuildFile; fileRef = 8AE925B02322B24400D73FB7 /* Protocols.swift */; };
		8AE925B32322C3FE00D73FB7 /* menuOptionCell.swift in Sources */ = {isa = PBXBuildFile; fileRef = 8AE925B22322C3FE00D73FB7 /* menuOptionCell.swift */; };
/* End PBXBuildFile section */

/* Begin PBXContainerItemProxy section */
		8AE9258A2322A17700D73FB7 /* PBXContainerItemProxy */ = {
			isa = PBXContainerItemProxy;
			containerPortal = 8AE9256A2322A17500D73FB7 /* Project object */;
			proxyType = 1;
			remoteGlobalIDString = 8AE925712322A17500D73FB7;
			remoteInfo = sideMenuProject;
		};
		8AE925952322A17700D73FB7 /* PBXContainerItemProxy */ = {
			isa = PBXContainerItemProxy;
			containerPortal = 8AE9256A2322A17500D73FB7 /* Project object */;
			proxyType = 1;
			remoteGlobalIDString = 8AE925712322A17500D73FB7;
			remoteInfo = sideMenuProject;
		};
/* End PBXContainerItemProxy section */

/* Begin PBXFileReference section */
		8AE925722322A17500D73FB7 /* sideMenuProject.app */ = {isa = PBXFileReference; explicitFileType = wrapper.application; includeInIndex = 0; path = sideMenuProject.app; sourceTree = BUILT_PRODUCTS_DIR; };
		8AE925752322A17500D73FB7 /* AppDelegate.swift */ = {isa = PBXFileReference; lastKnownFileType = sourcecode.swift; path = AppDelegate.swift; sourceTree = "<group>"; };
		8AE9257A2322A17500D73FB7 /* Base */ = {isa = PBXFileReference; lastKnownFileType = file.storyboard; name = Base; path = Base.lproj/Main.storyboard; sourceTree = "<group>"; };
		8AE9257D2322A17500D73FB7 /* sideMenuProject.xcdatamodel */ = {isa = PBXFileReference; lastKnownFileType = wrapper.xcdatamodel; path = sideMenuProject.xcdatamodel; sourceTree = "<group>"; };
		8AE9257F2322A17700D73FB7 /* Assets.xcassets */ = {isa = PBXFileReference; lastKnownFileType = folder.assetcatalog; path = Assets.xcassets; sourceTree = "<group>"; };
		8AE925822322A17700D73FB7 /* Base */ = {isa = PBXFileReference; lastKnownFileType = file.storyboard; name = Base; path = Base.lproj/LaunchScreen.storyboard; sourceTree = "<group>"; };
		8AE925842322A17700D73FB7 /* Info.plist */ = {isa = PBXFileReference; lastKnownFileType = text.plist.xml; path = Info.plist; sourceTree = "<group>"; };
		8AE925892322A17700D73FB7 /* sideMenuProjectTests.xctest */ = {isa = PBXFileReference; explicitFileType = wrapper.cfbundle; includeInIndex = 0; path = sideMenuProjectTests.xctest; sourceTree = BUILT_PRODUCTS_DIR; };
		8AE9258D2322A17700D73FB7 /* sideMenuProjectTests.swift */ = {isa = PBXFileReference; lastKnownFileType = sourcecode.swift; path = sideMenuProjectTests.swift; sourceTree = "<group>"; };
		8AE9258F2322A17700D73FB7 /* Info.plist */ = {isa = PBXFileReference; lastKnownFileType = text.plist.xml; path = Info.plist; sourceTree = "<group>"; };
		8AE925942322A17700D73FB7 /* sideMenuProjectUITests.xctest */ = {isa = PBXFileReference; explicitFileType = wrapper.cfbundle; includeInIndex = 0; path = sideMenuProjectUITests.xctest; sourceTree = BUILT_PRODUCTS_DIR; };
		8AE925982322A17700D73FB7 /* sideMenuProjectUITests.swift */ = {isa = PBXFileReference; lastKnownFileType = sourcecode.swift; path = sideMenuProjectUITests.swift; sourceTree = "<group>"; };
		8AE9259A2322A17700D73FB7 /* Info.plist */ = {isa = PBXFileReference; lastKnownFileType = text.plist.xml; path = Info.plist; sourceTree = "<group>"; };
		8AE925AA2322A1EE00D73FB7 /* containerController.swift */ = {isa = PBXFileReference; lastKnownFileType = sourcecode.swift; path = containerController.swift; sourceTree = "<group>"; };
		8AE925AC2322A1FE00D73FB7 /* homeController.swift */ = {isa = PBXFileReference; lastKnownFileType = sourcecode.swift; path = homeController.swift; sourceTree = "<group>"; };
		8AE925AE2322A21100D73FB7 /* menuController.swift */ = {isa = PBXFileReference; lastKnownFileType = sourcecode.swift; path = menuController.swift; sourceTree = "<group>"; };
		8AE925B02322B24400D73FB7 /* Protocols.swift */ = {isa = PBXFileReference; lastKnownFileType = sourcecode.swift; path = Protocols.swift; sourceTree = "<group>"; };
		8AE925B22322C3FE00D73FB7 /* menuOptionCell.swift */ = {isa = PBXFileReference; lastKnownFileType = sourcecode.swift; path = menuOptionCell.swift; sourceTree = "<group>"; };
/* End PBXFileReference section */

/* Begin PBXFrameworksBuildPhase section */
		8AE9256F2322A17500D73FB7 /* Frameworks */ = {
			isa = PBXFrameworksBuildPhase;
			buildActionMask = 2147483647;
			files = (
			);
			runOnlyForDeploymentPostprocessing = 0;
		};
		8AE925862322A17700D73FB7 /* Frameworks */ = {
			isa = PBXFrameworksBuildPhase;
			buildActionMask = 2147483647;
			files = (
			);
			runOnlyForDeploymentPostprocessing = 0;
		};
		8AE925912322A17700D73FB7 /* Frameworks */ = {
			isa = PBXFrameworksBuildPhase;
			buildActionMask = 2147483647;
			files = (
			);
			runOnlyForDeploymentPostprocessing = 0;
		};
/* End PBXFrameworksBuildPhase section */

/* Begin PBXGroup section */
		8AE925692322A17500D73FB7 = {
			isa = PBXGroup;
			children = (
				8AE925742322A17500D73FB7 /* sideMenuProject */,
				8AE9258C2322A17700D73FB7 /* sideMenuProjectTests */,
				8AE925972322A17700D73FB7 /* sideMenuProjectUITests */,
				8AE925732322A17500D73FB7 /* Products */,
			);
			sourceTree = "<group>";
		};
		8AE925732322A17500D73FB7 /* Products */ = {
			isa = PBXGroup;
			children = (
				8AE925722322A17500D73FB7 /* sideMenuProject.app */,
				8AE925892322A17700D73FB7 /* sideMenuProjectTests.xctest */,
				8AE925942322A17700D73FB7 /* sideMenuProjectUITests.xctest */,
			);
			name = Products;
			sourceTree = "<group>";
		};
		8AE925742322A17500D73FB7 /* sideMenuProject */ = {
			isa = PBXGroup;
			children = (
				8AE925A92322A1B500D73FB7 /* Utils */,
				8AE925A82322A1B100D73FB7 /* Model */,
				8AE925A72322A1AE00D73FB7 /* View */,
				8AE925A62322A1A300D73FB7 /* Controller */,
				8AE925752322A17500D73FB7 /* AppDelegate.swift */,
				8AE925792322A17500D73FB7 /* Main.storyboard */,
				8AE9257F2322A17700D73FB7 /* Assets.xcassets */,
				8AE925812322A17700D73FB7 /* LaunchScreen.storyboard */,
				8AE925842322A17700D73FB7 /* Info.plist */,
				8AE9257C2322A17500D73FB7 /* sideMenuProject.xcdatamodeld */,
			);
			path = sideMenuProject;
			sourceTree = "<group>";
		};
		8AE9258C2322A17700D73FB7 /* sideMenuProjectTests */ = {
			isa = PBXGroup;
			children = (
				8AE9258D2322A17700D73FB7 /* sideMenuProjectTests.swift */,
				8AE9258F2322A17700D73FB7 /* Info.plist */,
			);
			path = sideMenuProjectTests;
			sourceTree = "<group>";
		};
		8AE925972322A17700D73FB7 /* sideMenuProjectUITests */ = {
			isa = PBXGroup;
			children = (
				8AE925982322A17700D73FB7 /* sideMenuProjectUITests.swift */,
				8AE9259A2322A17700D73FB7 /* Info.plist */,
			);
			path = sideMenuProjectUITests;
			sourceTree = "<group>";
		};
		8AE925A62322A1A300D73FB7 /* Controller */ = {
			isa = PBXGroup;
			children = (
				8AE925AA2322A1EE00D73FB7 /* containerController.swift */,
				8AE925AC2322A1FE00D73FB7 /* homeController.swift */,
				8AE925AE2322A21100D73FB7 /* menuController.swift */,
			);
			path = Controller;
			sourceTree = "<group>";
		};
		8AE925A72322A1AE00D73FB7 /* View */ = {
			isa = PBXGroup;
			children = (
				8AE925B22322C3FE00D73FB7 /* menuOptionCell.swift */,
			);
			path = View;
			sourceTree = "<group>";
		};
		8AE925A82322A1B100D73FB7 /* Model */ = {
			isa = PBXGroup;
			children = (
			);
			path = Model;
			sourceTree = "<group>";
		};
		8AE925A92322A1B500D73FB7 /* Utils */ = {
			isa = PBXGroup;
			children = (
				8AE925B02322B24400D73FB7 /* Protocols.swift */,
			);
			path = Utils;
			sourceTree = "<group>";
		};
/* End PBXGroup section */

/* Begin PBXNativeTarget section */
		8AE925712322A17500D73FB7 /* sideMenuProject */ = {
			isa = PBXNativeTarget;
			buildConfigurationList = 8AE9259D2322A17700D73FB7 /* Build configuration list for PBXNativeTarget "sideMenuProject" */;
			buildPhases = (
				8AE9256E2322A17500D73FB7 /* Sources */,
				8AE9256F2322A17500D73FB7 /* Frameworks */,
				8AE925702322A17500D73FB7 /* Resources */,
			);
			buildRules = (
			);
			dependencies = (
			);
			name = sideMenuProject;
			productName = sideMenuProject;
			productReference = 8AE925722322A17500D73FB7 /* sideMenuProject.app */;
			productType = "com.apple.product-type.application";
		};
		8AE925882322A17700D73FB7 /* sideMenuProjectTests */ = {
			isa = PBXNativeTarget;
			buildConfigurationList = 8AE925A02322A17700D73FB7 /* Build configuration list for PBXNativeTarget "sideMenuProjectTests" */;
			buildPhases = (
				8AE925852322A17700D73FB7 /* Sources */,
				8AE925862322A17700D73FB7 /* Frameworks */,
				8AE925872322A17700D73FB7 /* Resources */,
			);
			buildRules = (
			);
			dependencies = (
				8AE9258B2322A17700D73FB7 /* PBXTargetDependency */,
			);
			name = sideMenuProjectTests;
			productName = sideMenuProjectTests;
			productReference = 8AE925892322A17700D73FB7 /* sideMenuProjectTests.xctest */;
			productType = "com.apple.product-type.bundle.unit-test";
		};
		8AE925932322A17700D73FB7 /* sideMenuProjectUITests */ = {
			isa = PBXNativeTarget;
			buildConfigurationList = 8AE925A32322A17700D73FB7 /* Build configuration list for PBXNativeTarget "sideMenuProjectUITests" */;
			buildPhases = (
				8AE925902322A17700D73FB7 /* Sources */,
				8AE925912322A17700D73FB7 /* Frameworks */,
				8AE925922322A17700D73FB7 /* Resources */,
			);
			buildRules = (
			);
			dependencies = (
				8AE925962322A17700D73FB7 /* PBXTargetDependency */,
			);
			name = sideMenuProjectUITests;
			productName = sideMenuProjectUITests;
			productReference = 8AE925942322A17700D73FB7 /* sideMenuProjectUITests.xctest */;
			productType = "com.apple.product-type.bundle.ui-testing";
		};
/* End PBXNativeTarget section */

/* Begin PBXProject section */
		8AE9256A2322A17500D73FB7 /* Project object */ = {
			isa = PBXProject;
			attributes = {
				LastSwiftUpdateCheck = 1020;
				LastUpgradeCheck = 1020;
				ORGANIZATIONNAME = edu.data;
				TargetAttributes = {
					8AE925712322A17500D73FB7 = {
						CreatedOnToolsVersion = 10.2.1;
					};
					8AE925882322A17700D73FB7 = {
						CreatedOnToolsVersion = 10.2.1;
						TestTargetID = 8AE925712322A17500D73FB7;
					};
					8AE925932322A17700D73FB7 = {
						CreatedOnToolsVersion = 10.2.1;
						TestTargetID = 8AE925712322A17500D73FB7;
					};
				};
			};
			buildConfigurationList = 8AE9256D2322A17500D73FB7 /* Build configuration list for PBXProject "sideMenuProject" */;
			compatibilityVersion = "Xcode 9.3";
			developmentRegion = en;
			hasScannedForEncodings = 0;
			knownRegions = (
				en,
				Base,
			);
			mainGroup = 8AE925692322A17500D73FB7;
			productRefGroup = 8AE925732322A17500D73FB7 /* Products */;
			projectDirPath = "";
			projectRoot = "";
			targets = (
				8AE925712322A17500D73FB7 /* sideMenuProject */,
				8AE925882322A17700D73FB7 /* sideMenuProjectTests */,
				8AE925932322A17700D73FB7 /* sideMenuProjectUITests */,
			);
		};
/* End PBXProject section */

/* Begin PBXResourcesBuildPhase section */
		8AE925702322A17500D73FB7 /* Resources */ = {
			isa = PBXResourcesBuildPhase;
			buildActionMask = 2147483647;
			files = (
				8AE925832322A17700D73FB7 /* LaunchScreen.storyboard in Resources */,
				8AE925802322A17700D73FB7 /* Assets.xcassets in Resources */,
				8AE9257B2322A17500D73FB7 /* Main.storyboard in Resources */,
			);
			runOnlyForDeploymentPostprocessing = 0;
		};
		8AE925872322A17700D73FB7 /* Resources */ = {
			isa = PBXResourcesBuildPhase;
			buildActionMask = 2147483647;
			files = (
			);
			runOnlyForDeploymentPostprocessing = 0;
		};
		8AE925922322A17700D73FB7 /* Resources */ = {
			isa = PBXResourcesBuildPhase;
			buildActionMask = 2147483647;
			files = (
			);
			runOnlyForDeploymentPostprocessing = 0;
		};
/* End PBXResourcesBuildPhase section */

/* Begin PBXSourcesBuildPhase section */
		8AE9256E2322A17500D73FB7 /* Sources */ = {
			isa = PBXSourcesBuildPhase;
			buildActionMask = 2147483647;
			files = (
				8AE9257E2322A17500D73FB7 /* sideMenuProject.xcdatamodeld in Sources */,
				8AE925B32322C3FE00D73FB7 /* menuOptionCell.swift in Sources */,
				8AE925762322A17500D73FB7 /* AppDelegate.swift in Sources */,
				8AE925AB2322A1EE00D73FB7 /* containerController.swift in Sources */,
				8AE925B12322B24400D73FB7 /* Protocols.swift in Sources */,
				8AE925AF2322A21100D73FB7 /* menuController.swift in Sources */,
				8AE925AD2322A1FE00D73FB7 /* homeController.swift in Sources */,
			);
			runOnlyForDeploymentPostprocessing = 0;
		};
		8AE925852322A17700D73FB7 /* Sources */ = {
			isa = PBXSourcesBuildPhase;
			buildActionMask = 2147483647;
			files = (
				8AE9258E2322A17700D73FB7 /* sideMenuProjectTests.swift in Sources */,
			);
			runOnlyForDeploymentPostprocessing = 0;
		};
		8AE925902322A17700D73FB7 /* Sources */ = {
			isa = PBXSourcesBuildPhase;
			buildActionMask = 2147483647;
			files = (
				8AE925992322A17700D73FB7 /* sideMenuProjectUITests.swift in Sources */,
			);
			runOnlyForDeploymentPostprocessing = 0;
		};
/* End PBXSourcesBuildPhase section */

/* Begin PBXTargetDependency section */
		8AE9258B2322A17700D73FB7 /* PBXTargetDependency */ = {
			isa = PBXTargetDependency;
			target = 8AE925712322A17500D73FB7 /* sideMenuProject */;
			targetProxy = 8AE9258A2322A17700D73FB7 /* PBXContainerItemProxy */;
		};
		8AE925962322A17700D73FB7 /* PBXTargetDependency */ = {
			isa = PBXTargetDependency;
			target = 8AE925712322A17500D73FB7 /* sideMenuProject */;
			targetProxy = 8AE925952322A17700D73FB7 /* PBXContainerItemProxy */;
		};
/* End PBXTargetDependency section */

/* Begin PBXVariantGroup section */
		8AE925792322A17500D73FB7 /* Main.storyboard */ = {
			isa = PBXVariantGroup;
			children = (
				8AE9257A2322A17500D73FB7 /* Base */,
			);
			name = Main.storyboard;
			sourceTree = "<group>";
		};
		8AE925812322A17700D73FB7 /* LaunchScreen.storyboard */ = {
			isa = PBXVariantGroup;
			children = (
				8AE925822322A17700D73FB7 /* Base */,
			);
			name = LaunchScreen.storyboard;
			sourceTree = "<group>";
		};
/* End PBXVariantGroup section */

/* Begin XCBuildConfiguration section */
		8AE9259B2322A17700D73FB7 /* Debug */ = {
			isa = XCBuildConfiguration;
			buildSettings = {
				ALWAYS_SEARCH_USER_PATHS = NO;
				CLANG_ANALYZER_NONNULL = YES;
				CLANG_ANALYZER_NUMBER_OBJECT_CONVERSION = YES_AGGRESSIVE;
				CLANG_CXX_LANGUAGE_STANDARD = "gnu++14";
				CLANG_CXX_LIBRARY = "libc++";
				CLANG_ENABLE_MODULES = YES;
				CLANG_ENABLE_OBJC_ARC = YES;
				CLANG_ENABLE_OBJC_WEAK = YES;
				CLANG_WARN_BLOCK_CAPTURE_AUTORELEASING = YES;
				CLANG_WARN_BOOL_CONVERSION = YES;
				CLANG_WARN_COMMA = YES;
				CLANG_WARN_CONSTANT_CONVERSION = YES;
				CLANG_WARN_DEPRECATED_OBJC_IMPLEMENTATIONS = YES;
				CLANG_WARN_DIRECT_OBJC_ISA_USAGE = YES_ERROR;
				CLANG_WARN_DOCUMENTATION_COMMENTS = YES;
				CLANG_WARN_EMPTY_BODY = YES;
				CLANG_WARN_ENUM_CONVERSION = YES;
				CLANG_WARN_INFINITE_RECURSION = YES;
				CLANG_WARN_INT_CONVERSION = YES;
				CLANG_WARN_NON_LITERAL_NULL_CONVERSION = YES;
				CLANG_WARN_OBJC_IMPLICIT_RETAIN_SELF = YES;
				CLANG_WARN_OBJC_LITERAL_CONVERSION = YES;
				CLANG_WARN_OBJC_ROOT_CLASS = YES_ERROR;
				CLANG_WARN_RANGE_LOOP_ANALYSIS = YES;
				CLANG_WARN_STRICT_PROTOTYPES = YES;
				CLANG_WARN_SUSPICIOUS_MOVE = YES;
				CLANG_WARN_UNGUARDED_AVAILABILITY = YES_AGGRESSIVE;
				CLANG_WARN_UNREACHABLE_CODE = YES;
				CLANG_WARN__DUPLICATE_METHOD_MATCH = YES;
				CODE_SIGN_IDENTITY = "iPhone Developer";
				COPY_PHASE_STRIP = NO;
				DEBUG_INFORMATION_FORMAT = dwarf;
				ENABLE_STRICT_OBJC_MSGSEND = YES;
				ENABLE_TESTABILITY = YES;
				GCC_C_LANGUAGE_STANDARD = gnu11;
				GCC_DYNAMIC_NO_PIC = NO;
				GCC_NO_COMMON_BLOCKS = YES;
				GCC_OPTIMIZATION_LEVEL = 0;
				GCC_PREPROCESSOR_DEFINITIONS = (
					"DEBUG=1",
					"$(inherited)",
				);
				GCC_WARN_64_TO_32_BIT_CONVERSION = YES;
				GCC_WARN_ABOUT_RETURN_TYPE = YES_ERROR;
				GCC_WARN_UNDECLARED_SELECTOR = YES;
				GCC_WARN_UNINITIALIZED_AUTOS = YES_AGGRESSIVE;
				GCC_WARN_UNUSED_FUNCTION = YES;
				GCC_WARN_UNUSED_VARIABLE = YES;
				IPHONEOS_DEPLOYMENT_TARGET = 12.2;
				MTL_ENABLE_DEBUG_INFO = INCLUDE_SOURCE;
				MTL_FAST_MATH = YES;
				ONLY_ACTIVE_ARCH = YES;
				SDKROOT = iphoneos;
				SWIFT_ACTIVE_COMPILATION_CONDITIONS = DEBUG;
				SWIFT_OPTIMIZATION_LEVEL = "-Onone";
			};
			name = Debug;
		};
		8AE9259C2322A17700D73FB7 /* Release */ = {
			isa = XCBuildConfiguration;
			buildSettings = {
				ALWAYS_SEARCH_USER_PATHS = NO;
				CLANG_ANALYZER_NONNULL = YES;
				CLANG_ANALYZER_NUMBER_OBJECT_CONVERSION = YES_AGGRESSIVE;
				CLANG_CXX_LANGUAGE_STANDARD = "gnu++14";
				CLANG_CXX_LIBRARY = "libc++";
				CLANG_ENABLE_MODULES = YES;
				CLANG_ENABLE_OBJC_ARC = YES;
				CLANG_ENABLE_OBJC_WEAK = YES;
				CLANG_WARN_BLOCK_CAPTURE_AUTORELEASING = YES;
				CLANG_WARN_BOOL_CONVERSION = YES;
				CLANG_WARN_COMMA = YES;
				CLANG_WARN_CONSTANT_CONVERSION = YES;
				CLANG_WARN_DEPRECATED_OBJC_IMPLEMENTATIONS = YES;
				CLANG_WARN_DIRECT_OBJC_ISA_USAGE = YES_ERROR;
				CLANG_WARN_DOCUMENTATION_COMMENTS = YES;
				CLANG_WARN_EMPTY_BODY = YES;
				CLANG_WARN_ENUM_CONVERSION = YES;
				CLANG_WARN_INFINITE_RECURSION = YES;
				CLANG_WARN_INT_CONVERSION = YES;
				CLANG_WARN_NON_LITERAL_NULL_CONVERSION = YES;
				CLANG_WARN_OBJC_IMPLICIT_RETAIN_SELF = YES;
				CLANG_WARN_OBJC_LITERAL_CONVERSION = YES;
				CLANG_WARN_OBJC_ROOT_CLASS = YES_ERROR;
				CLANG_WARN_RANGE_LOOP_ANALYSIS = YES;
				CLANG_WARN_STRICT_PROTOTYPES = YES;
				CLANG_WARN_SUSPICIOUS_MOVE = YES;
				CLANG_WARN_UNGUARDED_AVAILABILITY = YES_AGGRESSIVE;
				CLANG_WARN_UNREACHABLE_CODE = YES;
				CLANG_WARN__DUPLICATE_METHOD_MATCH = YES;
				CODE_SIGN_IDENTITY = "iPhone Developer";
				COPY_PHASE_STRIP = NO;
				DEBUG_INFORMATION_FORMAT = "dwarf-with-dsym";
				ENABLE_NS_ASSERTIONS = NO;
				ENABLE_STRICT_OBJC_MSGSEND = YES;
				GCC_C_LANGUAGE_STANDARD = gnu11;
				GCC_NO_COMMON_BLOCKS = YES;
				GCC_WARN_64_TO_32_BIT_CONVERSION = YES;
				GCC_WARN_ABOUT_RETURN_TYPE = YES_ERROR;
				GCC_WARN_UNDECLARED_SELECTOR = YES;
				GCC_WARN_UNINITIALIZED_AUTOS = YES_AGGRESSIVE;
				GCC_WARN_UNUSED_FUNCTION = YES;
				GCC_WARN_UNUSED_VARIABLE = YES;
				IPHONEOS_DEPLOYMENT_TARGET = 12.2;
				MTL_ENABLE_DEBUG_INFO = NO;
				MTL_FAST_MATH = YES;
				SDKROOT = iphoneos;
				SWIFT_COMPILATION_MODE = wholemodule;
				SWIFT_OPTIMIZATION_LEVEL = "-O";
				VALIDATE_PRODUCT = YES;
			};
			name = Release;
		};
		8AE9259E2322A17700D73FB7 /* Debug */ = {
			isa = XCBuildConfiguration;
			buildSettings = {
				ASSETCATALOG_COMPILER_APPICON_NAME = AppIcon;
				CODE_SIGN_STYLE = Automatic;
				INFOPLIST_FILE = sideMenuProject/Info.plist;
				IPHONEOS_DEPLOYMENT_TARGET = 12.0;
				LD_RUNPATH_SEARCH_PATHS = (
					"$(inherited)",
					"@executable_path/Frameworks",
				);
				PRODUCT_BUNDLE_IDENTIFIER = FCI.sideMenuProject;
				PRODUCT_NAME = "$(TARGET_NAME)";
				SWIFT_VERSION = 5.0;
				TARGETED_DEVICE_FAMILY = "1,2";
			};
			name = Debug;
		};
		8AE9259F2322A17700D73FB7 /* Release */ = {
			isa = XCBuildConfiguration;
			buildSettings = {
				ASSETCATALOG_COMPILER_APPICON_NAME = AppIcon;
				CODE_SIGN_STYLE = Automatic;
				INFOPLIST_FILE = sideMenuProject/Info.plist;
				IPHONEOS_DEPLOYMENT_TARGET = 12.0;
				LD_RUNPATH_SEARCH_PATHS = (
					"$(inherited)",
					"@executable_path/Frameworks",
				);
				PRODUCT_BUNDLE_IDENTIFIER = FCI.sideMenuProject;
				PRODUCT_NAME = "$(TARGET_NAME)";
				SWIFT_VERSION = 5.0;
				TARGETED_DEVICE_FAMILY = "1,2";
			};
			name = Release;
		};
		8AE925A12322A17700D73FB7 /* Debug */ = {
			isa = XCBuildConfiguration;
			buildSettings = {
				ALWAYS_EMBED_SWIFT_STANDARD_LIBRARIES = YES;
				BUNDLE_LOADER = "$(TEST_HOST)";
				CODE_SIGN_STYLE = Automatic;
				INFOPLIST_FILE = sideMenuProjectTests/Info.plist;
				LD_RUNPATH_SEARCH_PATHS = (
					"$(inherited)",
					"@executable_path/Frameworks",
					"@loader_path/Frameworks",
				);
				PRODUCT_BUNDLE_IDENTIFIER = FCI.sideMenuProjectTests;
				PRODUCT_NAME = "$(TARGET_NAME)";
				SWIFT_VERSION = 5.0;
				TARGETED_DEVICE_FAMILY = "1,2";
				TEST_HOST = "$(BUILT_PRODUCTS_DIR)/sideMenuProject.app/sideMenuProject";
			};
			name = Debug;
		};
		8AE925A22322A17700D73FB7 /* Release */ = {
			isa = XCBuildConfiguration;
			buildSettings = {
				ALWAYS_EMBED_SWIFT_STANDARD_LIBRARIES = YES;
				BUNDLE_LOADER = "$(TEST_HOST)";
				CODE_SIGN_STYLE = Automatic;
				INFOPLIST_FILE = sideMenuProjectTests/Info.plist;
				LD_RUNPATH_SEARCH_PATHS = (
					"$(inherited)",
					"@executable_path/Frameworks",
					"@loader_path/Frameworks",
				);
				PRODUCT_BUNDLE_IDENTIFIER = FCI.sideMenuProjectTests;
				PRODUCT_NAME = "$(TARGET_NAME)";
				SWIFT_VERSION = 5.0;
				TARGETED_DEVICE_FAMILY = "1,2";
				TEST_HOST = "$(BUILT_PRODUCTS_DIR)/sideMenuProject.app/sideMenuProject";
			};
			name = Release;
		};
		8AE925A42322A17700D73FB7 /* Debug */ = {
			isa = XCBuildConfiguration;
			buildSettings = {
				ALWAYS_EMBED_SWIFT_STANDARD_LIBRARIES = YES;
				CODE_SIGN_STYLE = Automatic;
				INFOPLIST_FILE = sideMenuProjectUITests/Info.plist;
				LD_RUNPATH_SEARCH_PATHS = (
					"$(inherited)",
					"@executable_path/Frameworks",
					"@loader_path/Frameworks",
				);
				PRODUCT_BUNDLE_IDENTIFIER = FCI.sideMenuProjectUITests;
				PRODUCT_NAME = "$(TARGET_NAME)";
				SWIFT_VERSION = 5.0;
				TARGETED_DEVICE_FAMILY = "1,2";
				TEST_TARGET_NAME = sideMenuProject;
			};
			name = Debug;
		};
		8AE925A52322A17700D73FB7 /* Release */ = {
			isa = XCBuildConfiguration;
			buildSettings = {
				ALWAYS_EMBED_SWIFT_STANDARD_LIBRARIES = YES;
				CODE_SIGN_STYLE = Automatic;
				INFOPLIST_FILE = sideMenuProjectUITests/Info.plist;
				LD_RUNPATH_SEARCH_PATHS = (
					"$(inherited)",
					"@executable_path/Frameworks",
					"@loader_path/Frameworks",
				);
				PRODUCT_BUNDLE_IDENTIFIER = FCI.sideMenuProjectUITests;
				PRODUCT_NAME = "$(TARGET_NAME)";
				SWIFT_VERSION = 5.0;
				TARGETED_DEVICE_FAMILY = "1,2";
				TEST_TARGET_NAME = sideMenuProject;
			};
			name = Release;
		};
/* End XCBuildConfiguration section */

/* Begin XCConfigurationList section */
		8AE9256D2322A17500D73FB7 /* Build configuration list for PBXProject "sideMenuProject" */ = {
			isa = XCConfigurationList;
			buildConfigurations = (
				8AE9259B2322A17700D73FB7 /* Debug */,
				8AE9259C2322A17700D73FB7 /* Release */,
			);
			defaultConfigurationIsVisible = 0;
			defaultConfigurationName = Release;
		};
		8AE9259D2322A17700D73FB7 /* Build configuration list for PBXNativeTarget "sideMenuProject" */ = {
			isa = XCConfigurationList;
			buildConfigurations = (
				8AE9259E2322A17700D73FB7 /* Debug */,
				8AE9259F2322A17700D73FB7 /* Release */,
			);
			defaultConfigurationIsVisible = 0;
			defaultConfigurationName = Release;
		};
		8AE925A02322A17700D73FB7 /* Build configuration list for PBXNativeTarget "sideMenuProjectTests" */ = {
			isa = XCConfigurationList;
			buildConfigurations = (
				8AE925A12322A17700D73FB7 /* Debug */,
				8AE925A22322A17700D73FB7 /* Release */,
			);
			defaultConfigurationIsVisible = 0;
			defaultConfigurationName = Release;
		};
		8AE925A32322A17700D73FB7 /* Build configuration list for PBXNativeTarget "sideMenuProjectUITests" */ = {
			isa = XCConfigurationList;
			buildConfigurations = (
				8AE925A42322A17700D73FB7 /* Debug */,
				8AE925A52322A17700D73FB7 /* Release */,
			);
			defaultConfigurationIsVisible = 0;
			defaultConfigurationName = Release;
		};
/* End XCConfigurationList section */

/* Begin XCVersionGroup section */
		8AE9257C2322A17500D73FB7 /* sideMenuProject.xcdatamodeld */ = {
			isa = XCVersionGroup;
			children = (
				8AE9257D2322A17500D73FB7 /* sideMenuProject.xcdatamodel */,
			);
			currentVersion = 8AE9257D2322A17500D73FB7 /* sideMenuProject.xcdatamodel */;
			path = sideMenuProject.xcdatamodeld;
			sourceTree = "<group>";
			versionGroupType = wrapper.xcdatamodel;
		};
/* End XCVersionGroup section */
	};
	rootObject = 8AE9256A2322A17500D73FB7 /* Project object */;
}
